
Microsoft Visual Studio Solution File, Format Version 12.00
# Visual Studio Version 17
VisualStudioVersion = 17.3.32922.545
MinimumVisualStudioVersion = 10.0.40219.1
Project("{FAE04EC0-301F-11D3-BF4B-00C04F79EFBC}") = "kiemtra", "kiemtra\kiemtra.csproj", "{2F02D94C-399D-43BA-89E9-46144EB2AD3E}"
EndProject
Global
	GlobalSection(SolutionConfigurationPlatforms) = preSolution
		Debug|Any CPU = Debug|Any CPU
		Release|Any CPU = Release|Any CPU
	EndGlobalSection
	GlobalSection(ProjectConfigurationPlatforms) = postSolution
		{2F02D94C-399D-43BA-89E9-46144EB2AD3E}.Debug|Any CPU.ActiveCfg = Debug|Any CPU
		{2F02D94C-399D-43BA-89E9-46144EB2AD3E}.Debug|Any CPU.Build.0 = Debug|Any CPU
		{2F02D94C-399D-43BA-89E9-46144EB2AD3E}.Release|Any CPU.ActiveCfg = Release|Any CPU
		{2F02D94C-399D-43BA-89E9-46144EB2AD3E}.Release|Any CPU.Build.0 = Release|Any CPU
	EndGlobalSection
	GlobalSection(SolutionProperties) = preSolution
		HideSolutionNode = FALSE
	EndGlobalSection
	GlobalSection(ExtensibilityGlobals) = postSolution
		SolutionGuid = {4147B0F2-69EE-4F71-983D-18F8CEAAD107}
	EndGlobalSection
EndGlobal
